// !$*UTF8*$!
{
	archiveVersion = 1;
	classes = {
	};
	objectVersion = 45;
	objects = {

/* Begin PBXBuildFile section */
		553B150F11E2A33100C43F3D /* OutputFile.m in Sources */ = {isa = PBXBuildFile; fileRef = 553B150C11E2A33100C43F3D /* OutputFile.m */; };
		553B151011E2A33100C43F3D /* Piano.m in Sources */ = {isa = PBXBuildFile; fileRef = 553B150E11E2A33100C43F3D /* Piano.m */; };
		5593E75A11C483660062E243 /* main.m in Sources */ = {isa = PBXBuildFile; fileRef = 5593E71C11C47E370062E243 /* main.m */; };
		5593E76411C4839C0062E243 /* mdaPianoData.cpp in Sources */ = {isa = PBXBuildFile; fileRef = 5593E76311C4839C0062E243 /* mdaPianoData.cpp */; };
/* End PBXBuildFile section */

/* Begin PBXFileReference section */
		1058C7A1FEA54F0111CA2CBB /* Cocoa.framework */ = {isa = PBXFileReference; lastKnownFileType = wrapper.framework; name = Cocoa.framework; path = /System/Library/Frameworks/Cocoa.framework; sourceTree = "<absolute>"; };
		13E42FB307B3F0F600E4EEF1 /* CoreData.framework */ = {isa = PBXFileReference; lastKnownFileType = wrapper.framework; name = CoreData.framework; path = /System/Library/Frameworks/CoreData.framework; sourceTree = "<absolute>"; };
		29B97324FDCFA39411CA2CEA /* AppKit.framework */ = {isa = PBXFileReference; lastKnownFileType = wrapper.framework; name = AppKit.framework; path = /System/Library/Frameworks/AppKit.framework; sourceTree = "<absolute>"; };
		29B97325FDCFA39411CA2CEA /* Foundation.framework */ = {isa = PBXFileReference; lastKnownFileType = wrapper.framework; name = Foundation.framework; path = /System/Library/Frameworks/Foundation.framework; sourceTree = "<absolute>"; };
		5526A87D153CDE590099337E /* PianoPlayerPrefix.pch */ = {isa = PBXFileReference; fileEncoding = 4; lastKnownFileType = sourcecode.c.h; name = PianoPlayerPrefix.pch; path = Source/PianoPlayerPrefix.pch; sourceTree = "<group>"; };
		553B150B11E2A33100C43F3D /* OutputFile.h */ = {isa = PBXFileReference; fileEncoding = 4; lastKnownFileType = sourcecode.c.h; name = OutputFile.h; path = Source/OutputFile.h; sourceTree = "<group>"; };
		553B150C11E2A33100C43F3D /* OutputFile.m */ = {isa = PBXFileReference; fileEncoding = 4; lastKnownFileType = sourcecode.c.objc; name = OutputFile.m; path = Source/OutputFile.m; sourceTree = "<group>"; };
		553B150D11E2A33100C43F3D /* Piano.h */ = {isa = PBXFileReference; fileEncoding = 4; lastKnownFileType = sourcecode.c.h; name = Piano.h; path = Source/Piano.h; sourceTree = "<group>"; };
		553B150E11E2A33100C43F3D /* Piano.m */ = {isa = PBXFileReference; fileEncoding = 4; lastKnownFileType = sourcecode.c.objc; name = Piano.m; path = Source/Piano.m; sourceTree = "<group>"; };
		5593E71C11C47E370062E243 /* main.m */ = {isa = PBXFileReference; fileEncoding = 4; lastKnownFileType = sourcecode.c.objc; name = main.m; path = Source/main.m; sourceTree = "<group>"; };
		5593E75411C4834A0062E243 /* PianoPlayer */ = {isa = PBXFileReference; explicitFileType = "compiled.mach-o.executable"; includeInIndex = 0; path = PianoPlayer; sourceTree = BUILT_PRODUCTS_DIR; };
		5593E76311C4839C0062E243 /* mdaPianoData.cpp */ = {isa = PBXFileReference; fileEncoding = 4; lastKnownFileType = sourcecode.cpp.cpp; name = mdaPianoData.cpp; path = Source/mdaPianoData.cpp; sourceTree = "<group>"; };
/* End PBXFileReference section */

/* Begin PBXFrameworksBuildPhase section */
		5593E75211C4834A0062E243 /* Frameworks */ = {
			isa = PBXFrameworksBuildPhase;
			buildActionMask = 2147483647;
			files = (
			);
			runOnlyForDeploymentPostprocessing = 0;
		};
/* End PBXFrameworksBuildPhase section */

/* Begin PBXGroup section */
		080E96DDFE201D6D7F000001 /* Source */ = {
			isa = PBXGroup;
			children = (
				553B150B11E2A33100C43F3D /* OutputFile.h */,
				553B150C11E2A33100C43F3D /* OutputFile.m */,
				553B150D11E2A33100C43F3D /* Piano.h */,
				553B150E11E2A33100C43F3D /* Piano.m */,
				5593E71C11C47E370062E243 /* main.m */,
				5526A87D153CDE590099337E /* PianoPlayerPrefix.pch */,
			);
			name = Source;
			sourceTree = "<group>";
		};
		1058C7A0FEA54F0111CA2CBB /* Linked Frameworks */ = {
			isa = PBXGroup;
			children = (
				1058C7A1FEA54F0111CA2CBB /* Cocoa.framework */,
			);
			name = "Linked Frameworks";
			sourceTree = "<group>";
		};
		1058C7A2FEA54F0111CA2CBB /* Other Frameworks */ = {
			isa = PBXGroup;
			children = (
				29B97324FDCFA39411CA2CEA /* AppKit.framework */,
				13E42FB307B3F0F600E4EEF1 /* CoreData.framework */,
				29B97325FDCFA39411CA2CEA /* Foundation.framework */,
			);
			name = "Other Frameworks";
			sourceTree = "<group>";
		};
		19C28FACFE9D520D11CA2CBB /* Products */ = {
			isa = PBXGroup;
			children = (
				5593E75411C4834A0062E243 /* PianoPlayer */,
			);
			name = Products;
			sourceTree = "<group>";
		};
		29B97314FDCFA39411CA2CEA /* PianoPlayer */ = {
			isa = PBXGroup;
			children = (
				553B151111E2A33300C43F3D /* mda */,
				080E96DDFE201D6D7F000001 /* Source */,
				29B97323FDCFA39411CA2CEA /* Frameworks */,
				19C28FACFE9D520D11CA2CBB /* Products */,
			);
			name = PianoPlayer;
			sourceTree = "<group>";
		};
		29B97323FDCFA39411CA2CEA /* Frameworks */ = {
			isa = PBXGroup;
			children = (
				1058C7A0FEA54F0111CA2CBB /* Linked Frameworks */,
				1058C7A2FEA54F0111CA2CBB /* Other Frameworks */,
			);
			name = Frameworks;
			sourceTree = "<group>";
		};
		553B151111E2A33300C43F3D /* mda */ = {
			isa = PBXGroup;
			children = (
				5593E76311C4839C0062E243 /* mdaPianoData.cpp */,
			);
			name = mda;
			sourceTree = "<group>";
		};
/* End PBXGroup section */

/* Begin PBXNativeTarget section */
		5593E75311C4834A0062E243 /* PianoPlayer */ = {
			isa = PBXNativeTarget;
			buildConfigurationList = 5593E76111C483960062E243 /* Build configuration list for PBXNativeTarget "PianoPlayer" */;
			buildPhases = (
				5593E75111C4834A0062E243 /* Sources */,
				5593E75211C4834A0062E243 /* Frameworks */,
			);
			buildRules = (
			);
			dependencies = (
			);
			name = PianoPlayer;
			productName = PianoPlayer;
			productReference = 5593E75411C4834A0062E243 /* PianoPlayer */;
			productType = "com.apple.product-type.tool";
		};
/* End PBXNativeTarget section */

/* Begin PBXProject section */
		29B97313FDCFA39411CA2CEA /* Project object */ = {
			isa = PBXProject;
			buildConfigurationList = C01FCF4E08A954540054247B /* Build configuration list for PBXProject "PianoPlayer" */;
			compatibilityVersion = "Xcode 3.1";
			developmentRegion = English;
			hasScannedForEncodings = 1;
			knownRegions = (
				en,
			);
			mainGroup = 29B97314FDCFA39411CA2CEA /* PianoPlayer */;
			projectDirPath = "";
			projectRoot = "";
			targets = (
				5593E75311C4834A0062E243 /* PianoPlayer */,
			);
		};
/* End PBXProject section */

/* Begin PBXSourcesBuildPhase section */
		5593E75111C4834A0062E243 /* Sources */ = {
			isa = PBXSourcesBuildPhase;
			buildActionMask = 2147483647;
			files = (
				5593E75A11C483660062E243 /* main.m in Sources */,
				5593E76411C4839C0062E243 /* mdaPianoData.cpp in Sources */,
				553B150F11E2A33100C43F3D /* OutputFile.m in Sources */,
				553B151011E2A33100C43F3D /* Piano.m in Sources */,
			);
			runOnlyForDeploymentPostprocessing = 0;
		};
/* End PBXSourcesBuildPhase section */

/* Begin XCBuildConfiguration section */
		5593E75611C4834B0062E243 /* Debug */ = {
			isa = XCBuildConfiguration;
			buildSettings = {
				ALWAYS_SEARCH_USER_PATHS = NO;
				ARCHS = "$(ARCHS_STANDARD_64_BIT)";
				CLANG_ENABLE_OBJC_ARC = YES;
				COPY_PHASE_STRIP = NO;
				GCC_DYNAMIC_NO_PIC = NO;
				GCC_ENABLE_FIX_AND_CONTINUE = YES;
				GCC_MODEL_TUNING = G5;
				GCC_OPTIMIZATION_LEVEL = 0;
				GCC_PRECOMPILE_PREFIX_HEADER = YES;
				GCC_PREFIX_HEADER = Source/PianoPlayerPrefix.pch;
				GCC_VERSION = com.apple.compilers.llvm.clang.1_0;
				INSTALL_PATH = /usr/local/bin;
				OTHER_LDFLAGS = (
					"-framework",
					Foundation,
					"-framework",
					AppKit,
				);
				PREBINDING = NO;
				PRODUCT_NAME = PianoPlayer;
				SDKROOT = macosx10.7;
			};
			name = Debug;
		};
		5593E75711C4834B0062E243 /* Release */ = {
			isa = XCBuildConfiguration;
			buildSettings = {
				ALWAYS_SEARCH_USER_PATHS = NO;
				ARCHS = "$(ARCHS_STANDARD_64_BIT)";
				CLANG_ENABLE_OBJC_ARC = YES;
				COPY_PHASE_STRIP = YES;
				DEBUG_INFORMATION_FORMAT = "dwarf-with-dsym";
				GCC_ENABLE_FIX_AND_CONTINUE = NO;
				GCC_MODEL_TUNING = G5;
				GCC_PRECOMPILE_PREFIX_HEADER = YES;
				GCC_PREFIX_HEADER = Source/PianoPlayerPrefix.pch;
				GCC_VERSION = com.apple.compilers.llvm.clang.1_0;
				INSTALL_PATH = /usr/local/bin;
				OTHER_LDFLAGS = (
					"-framework",
					Foundation,
					"-framework",
					AppKit,
				);
				PREBINDING = NO;
				PRODUCT_NAME = PianoPlayer;
				SDKROOT = macosx10.7;
				ZERO_LINK = NO;
			};
			name = Release;
		};
		C01FCF4F08A954540054247B /* Debug */ = {
			isa = XCBuildConfiguration;
			buildSettings = {
				ARCHS = "$(ARCHS_STANDARD_32_64_BIT)";
				GCC_C_LANGUAGE_STANDARD = gnu99;
				GCC_OPTIMIZATION_LEVEL = 0;
				GCC_WARN_ABOUT_RETURN_TYPE = YES;
				GCC_WARN_UNUSED_VARIABLE = YES;
				ONLY_ACTIVE_ARCH = YES;
				PREBINDING = NO;
				SDKROOT = macosx10.6;
			};
			name = Debug;
		};
		C01FCF5008A954540054247B /* Release */ = {
			isa = XCBuildConfiguration;
			buildSettings = {
				ARCHS = "$(ARCHS_STANDARD_32_64_BIT)";
				GCC_C_LANGUAGE_STANDARD = gnu99;
				GCC_WARN_ABOUT_RETURN_TYPE = YES;
				GCC_WARN_UNUSED_VARIABLE = YES;
				PREBINDING = NO;
				SDKROOT = macosx10.6;
			};
			name = Release;
		};
/* End XCBuildConfiguration section */

/* Begin XCConfigurationList section */
		5593E76111C483960062E243 /* Build configuration list for PBXNativeTarget "PianoPlayer" */ = {
			isa = XCConfigurationList;
			buildConfigurations = (
				5593E75611C4834B0062E243 /* Debug */,
				5593E75711C4834B0062E243 /* Release */,
			);
			defaultConfigurationIsVisible = 0;
			defaultConfigurationName = Release;
		};
		C01FCF4E08A954540054247B /* Build configuration list for PBXProject "PianoPlayer" */ = {
			isa = XCConfigurationList;
			buildConfigurations = (
				C01FCF4F08A954540054247B /* Debug */,
				C01FCF5008A954540054247B /* Release */,
			);
			defaultConfigurationIsVisible = 0;
			defaultConfigurationName = Release;
		};
/* End XCConfigurationList section */
	};
	rootObject = 29B97313FDCFA39411CA2CEA /* Project object */;
}
